
Microsoft Visual Studio Solution File, Format Version 10.00
# Visual Studio 2008
Project("{8BC9CEB8-8B4A-11D0-8D11-00A0C91BC942}") = "IGA3D9", "IGA3D9\IGA3D9.vcproj", "{57AEE1C9-2D13-40D8-9069-48F9B87094ED}"
EndProject
Project("{8BC9CEB8-8B4A-11D0-8D11-00A0C91BC942}") = "IGA9Core", "IGACore9\IGACore.vcproj", "{5B4B0D68-2B84-40E5-BB61-25D16D0624B5}"
EndProject
Project("{8BC9CEB8-8B4A-11D0-8D11-00A0C91BC942}") = "IGATexture9", "IGATexture9\IGATexture9.vcproj", "{2A3EA4DB-5D76-4F5C-93E5-10738F10C875}"
EndProject
Project("{8BC9CEB8-8B4A-11D0-8D11-00A0C91BC942}") = "D3D9", "D3D9\D3D9.vcproj", "{85961FB9-3FFA-473D-B48F-5637F4753FE7}"
EndProject
Project("{8BC9CEB8-8B4A-11D0-8D11-00A0C91BC942}") = "ProxyD3D9", "ProxyD3D9\ProxyD3D9.vcproj", "{E1E93DED-75C5-40AB-B4DE-F2590B91BB1D}"
EndProject
Project("{8BC9CEB8-8B4A-11D0-8D11-00A0C91BC942}") = "D3D9Search", "D3D9Search\D3D9Search.vcproj", "{9C04CC2D-C188-4443-A185-CB0BCA6ED98D}"
EndProject
Project("{8BC9CEB8-8B4A-11D0-8D11-00A0C91BC942}") = "D3D9Game", "D3D9Game\D3D9Game.vcproj", "{D1BC79E8-8F96-4D07-B7AC-D33CA8C4DD51}"
EndProject
Project("{8BC9CEB8-8B4A-11D0-8D11-00A0C91BC942}") = "D3D9_My", "D3D9_My\D3D9_My.vcproj", "{02EB97D5-B1C5-411E-8274-83A95985DE6F}"
EndProject
Project("{8BC9CEB8-8B4A-11D0-8D11-00A0C91BC942}") = "IGAEncrypt", "IGAEncrypt\IGAEncrypt.vcproj", "{913B97B3-CC6B-44C8-A076-AFAEF0F05A68}"
EndProject
Project("{8BC9CEB8-8B4A-11D0-8D11-00A0C91BC942}") = "IGANet", "IGANet\IGANet.vcproj", "{0640DD56-A0ED-449F-81DF-9E16C18B062A}"
EndProject
Project("{8BC9CEB8-8B4A-11D0-8D11-00A0C91BC942}") = "IGACompress", "IGACompress\IGACompress.vcproj", "{C62A390A-BDF8-4C0B-B16B-19D16B584B3E}"
EndProject
Project("{8BC9CEB8-8B4A-11D0-8D11-00A0C91BC942}") = "Emmoa", "Emmoa\Emmoa.vcproj", "{B5FB1C44-DE1A-439E-819D-E3557B8FF73E}"
EndProject
Project("{8BC9CEB8-8B4A-11D0-8D11-00A0C91BC942}") = "D3D9Search_My", "D3d9Search_My\D3D9Search_My.vcproj", "{994FC915-6538-4316-8531-6E05D885F6B2}"
EndProject
Project("{8BC9CEB8-8B4A-11D0-8D11-00A0C91BC942}") = "EmmoaW", "EmmoaW\EmmoaW.vcproj", "{9E445C97-54B5-4EC5-9117-44236D00D237}"
EndProject
Project("{8BC9CEB8-8B4A-11D0-8D11-00A0C91BC942}") = "EmmoaZ", "EmmoaZ\EmmoaZ.vcproj", "{34757095-7599-458A-9E1F-809BEE6739EE}"
EndProject
Project("{8BC9CEB8-8B4A-11D0-8D11-00A0C91BC942}") = "DInputProxy", "DInputProxy\DInputProxy.vcproj", "{8DB989F5-A8B8-4376-96B3-917D2A5F6001}"
EndProject
Global
	GlobalSection(SolutionConfigurationPlatforms) = preSolution
		Debug|Win32 = Debug|Win32
		Profile|Win32 = Profile|Win32
		Release|Win32 = Release|Win32
		Unicode Debug|Win32 = Unicode Debug|Win32
		Unicode Release|Win32 = Unicode Release|Win32
	EndGlobalSection
	GlobalSection(ProjectConfigurationPlatforms) = postSolution
		{57AEE1C9-2D13-40D8-9069-48F9B87094ED}.Debug|Win32.ActiveCfg = Debug|Win32
		{57AEE1C9-2D13-40D8-9069-48F9B87094ED}.Debug|Win32.Build.0 = Debug|Win32
		{57AEE1C9-2D13-40D8-9069-48F9B87094ED}.Profile|Win32.ActiveCfg = Release|Win32
		{57AEE1C9-2D13-40D8-9069-48F9B87094ED}.Profile|Win32.Build.0 = Release|Win32
		{57AEE1C9-2D13-40D8-9069-48F9B87094ED}.Release|Win32.ActiveCfg = Release|Win32
		{57AEE1C9-2D13-40D8-9069-48F9B87094ED}.Release|Win32.Build.0 = Release|Win32
		{57AEE1C9-2D13-40D8-9069-48F9B87094ED}.Unicode Debug|Win32.ActiveCfg = Debug|Win32
		{57AEE1C9-2D13-40D8-9069-48F9B87094ED}.Unicode Debug|Win32.Build.0 = Debug|Win32
		{57AEE1C9-2D13-40D8-9069-48F9B87094ED}.Unicode Release|Win32.ActiveCfg = Release|Win32
		{57AEE1C9-2D13-40D8-9069-48F9B87094ED}.Unicode Release|Win32.Build.0 = Release|Win32
		{5B4B0D68-2B84-40E5-BB61-25D16D0624B5}.Debug|Win32.ActiveCfg = Debug|Win32
		{5B4B0D68-2B84-40E5-BB61-25D16D0624B5}.Debug|Win32.Build.0 = Debug|Win32
		{5B4B0D68-2B84-40E5-BB61-25D16D0624B5}.Profile|Win32.ActiveCfg = Release|Win32
		{5B4B0D68-2B84-40E5-BB61-25D16D0624B5}.Profile|Win32.Build.0 = Release|Win32
		{5B4B0D68-2B84-40E5-BB61-25D16D0624B5}.Release|Win32.ActiveCfg = Release|Win32
		{5B4B0D68-2B84-40E5-BB61-25D16D0624B5}.Release|Win32.Build.0 = Release|Win32
		{5B4B0D68-2B84-40E5-BB61-25D16D0624B5}.Unicode Debug|Win32.ActiveCfg = Debug|Win32
		{5B4B0D68-2B84-40E5-BB61-25D16D0624B5}.Unicode Debug|Win32.Build.0 = Debug|Win32
		{5B4B0D68-2B84-40E5-BB61-25D16D0624B5}.Unicode Release|Win32.ActiveCfg = Release|Win32
		{5B4B0D68-2B84-40E5-BB61-25D16D0624B5}.Unicode Release|Win32.Build.0 = Release|Win32
		{2A3EA4DB-5D76-4F5C-93E5-10738F10C875}.Debug|Win32.ActiveCfg = Debug|Win32
		{2A3EA4DB-5D76-4F5C-93E5-10738F10C875}.Debug|Win32.Build.0 = Debug|Win32
		{2A3EA4DB-5D76-4F5C-93E5-10738F10C875}.Profile|Win32.ActiveCfg = Release|Win32
		{2A3EA4DB-5D76-4F5C-93E5-10738F10C875}.Profile|Win32.Build.0 = Release|Win32
		{2A3EA4DB-5D76-4F5C-93E5-10738F10C875}.Release|Win32.ActiveCfg = Release|Win32
		{2A3EA4DB-5D76-4F5C-93E5-10738F10C875}.Release|Win32.Build.0 = Release|Win32
		{2A3EA4DB-5D76-4F5C-93E5-10738F10C875}.Unicode Debug|Win32.ActiveCfg = Debug|Win32
		{2A3EA4DB-5D76-4F5C-93E5-10738F10C875}.Unicode Debug|Win32.Build.0 = Debug|Win32
		{2A3EA4DB-5D76-4F5C-93E5-10738F10C875}.Unicode Release|Win32.ActiveCfg = Release|Win32
		{2A3EA4DB-5D76-4F5C-93E5-10738F10C875}.Unicode Release|Win32.Build.0 = Release|Win32
		{85961FB9-3FFA-473D-B48F-5637F4753FE7}.Debug|Win32.ActiveCfg = Debug|Win32
		{85961FB9-3FFA-473D-B48F-5637F4753FE7}.Debug|Win32.Build.0 = Debug|Win32
		{85961FB9-3FFA-473D-B48F-5637F4753FE7}.Profile|Win32.ActiveCfg = Release|Win32
		{85961FB9-3FFA-473D-B48F-5637F4753FE7}.Profile|Win32.Build.0 = Release|Win32
		{85961FB9-3FFA-473D-B48F-5637F4753FE7}.Release|Win32.ActiveCfg = Release|Win32
		{85961FB9-3FFA-473D-B48F-5637F4753FE7}.Release|Win32.Build.0 = Release|Win32
		{85961FB9-3FFA-473D-B48F-5637F4753FE7}.Unicode Debug|Win32.ActiveCfg = Debug|Win32
		{85961FB9-3FFA-473D-B48F-5637F4753FE7}.Unicode Debug|Win32.Build.0 = Debug|Win32
		{85961FB9-3FFA-473D-B48F-5637F4753FE7}.Unicode Release|Win32.ActiveCfg = Release|Win32
		{85961FB9-3FFA-473D-B48F-5637F4753FE7}.Unicode Release|Win32.Build.0 = Release|Win32
		{E1E93DED-75C5-40AB-B4DE-F2590B91BB1D}.Debug|Win32.ActiveCfg = Debug|Win32
		{E1E93DED-75C5-40AB-B4DE-F2590B91BB1D}.Debug|Win32.Build.0 = Debug|Win32
		{E1E93DED-75C5-40AB-B4DE-F2590B91BB1D}.Profile|Win32.ActiveCfg = Release|Win32
		{E1E93DED-75C5-40AB-B4DE-F2590B91BB1D}.Profile|Win32.Build.0 = Release|Win32
		{E1E93DED-75C5-40AB-B4DE-F2590B91BB1D}.Release|Win32.ActiveCfg = Release|Win32
		{E1E93DED-75C5-40AB-B4DE-F2590B91BB1D}.Release|Win32.Build.0 = Release|Win32
		{E1E93DED-75C5-40AB-B4DE-F2590B91BB1D}.Unicode Debug|Win32.ActiveCfg = Debug|Win32
		{E1E93DED-75C5-40AB-B4DE-F2590B91BB1D}.Unicode Debug|Win32.Build.0 = Debug|Win32
		{E1E93DED-75C5-40AB-B4DE-F2590B91BB1D}.Unicode Release|Win32.ActiveCfg = Release|Win32
		{E1E93DED-75C5-40AB-B4DE-F2590B91BB1D}.Unicode Release|Win32.Build.0 = Release|Win32
		{9C04CC2D-C188-4443-A185-CB0BCA6ED98D}.Debug|Win32.ActiveCfg = Debug|Win32
		{9C04CC2D-C188-4443-A185-CB0BCA6ED98D}.Debug|Win32.Build.0 = Debug|Win32
		{9C04CC2D-C188-4443-A185-CB0BCA6ED98D}.Profile|Win32.ActiveCfg = Profile|Win32
		{9C04CC2D-C188-4443-A185-CB0BCA6ED98D}.Profile|Win32.Build.0 = Profile|Win32
		{9C04CC2D-C188-4443-A185-CB0BCA6ED98D}.Release|Win32.ActiveCfg = Release|Win32
		{9C04CC2D-C188-4443-A185-CB0BCA6ED98D}.Release|Win32.Build.0 = Release|Win32
		{9C04CC2D-C188-4443-A185-CB0BCA6ED98D}.Unicode Debug|Win32.ActiveCfg = Debug|Win32
		{9C04CC2D-C188-4443-A185-CB0BCA6ED98D}.Unicode Debug|Win32.Build.0 = Debug|Win32
		{9C04CC2D-C188-4443-A185-CB0BCA6ED98D}.Unicode Release|Win32.ActiveCfg = Release|Win32
		{9C04CC2D-C188-4443-A185-CB0BCA6ED98D}.Unicode Release|Win32.Build.0 = Release|Win32
		{D1BC79E8-8F96-4D07-B7AC-D33CA8C4DD51}.Debug|Win32.ActiveCfg = Debug|Win32
		{D1BC79E8-8F96-4D07-B7AC-D33CA8C4DD51}.Debug|Win32.Build.0 = Debug|Win32
		{D1BC79E8-8F96-4D07-B7AC-D33CA8C4DD51}.Profile|Win32.ActiveCfg = Unicode Release|Win32
		{D1BC79E8-8F96-4D07-B7AC-D33CA8C4DD51}.Profile|Win32.Build.0 = Unicode Release|Win32
		{D1BC79E8-8F96-4D07-B7AC-D33CA8C4DD51}.Release|Win32.ActiveCfg = Release|Win32
		{D1BC79E8-8F96-4D07-B7AC-D33CA8C4DD51}.Release|Win32.Build.0 = Release|Win32
		{D1BC79E8-8F96-4D07-B7AC-D33CA8C4DD51}.Unicode Debug|Win32.ActiveCfg = Unicode Debug|Win32
		{D1BC79E8-8F96-4D07-B7AC-D33CA8C4DD51}.Unicode Debug|Win32.Build.0 = Unicode Debug|Win32
		{D1BC79E8-8F96-4D07-B7AC-D33CA8C4DD51}.Unicode Release|Win32.ActiveCfg = Unicode Release|Win32
		{D1BC79E8-8F96-4D07-B7AC-D33CA8C4DD51}.Unicode Release|Win32.Build.0 = Unicode Release|Win32
		{02EB97D5-B1C5-411E-8274-83A95985DE6F}.Debug|Win32.ActiveCfg = Debug|Win32
		{02EB97D5-B1C5-411E-8274-83A95985DE6F}.Debug|Win32.Build.0 = Debug|Win32
		{02EB97D5-B1C5-411E-8274-83A95985DE6F}.Profile|Win32.ActiveCfg = Release|Win32
		{02EB97D5-B1C5-411E-8274-83A95985DE6F}.Profile|Win32.Build.0 = Release|Win32
		{02EB97D5-B1C5-411E-8274-83A95985DE6F}.Release|Win32.ActiveCfg = Release|Win32
		{02EB97D5-B1C5-411E-8274-83A95985DE6F}.Release|Win32.Build.0 = Release|Win32
		{02EB97D5-B1C5-411E-8274-83A95985DE6F}.Unicode Debug|Win32.ActiveCfg = Debug|Win32
		{02EB97D5-B1C5-411E-8274-83A95985DE6F}.Unicode Debug|Win32.Build.0 = Debug|Win32
		{02EB97D5-B1C5-411E-8274-83A95985DE6F}.Unicode Release|Win32.ActiveCfg = Release|Win32
		{02EB97D5-B1C5-411E-8274-83A95985DE6F}.Unicode Release|Win32.Build.0 = Release|Win32
		{913B97B3-CC6B-44C8-A076-AFAEF0F05A68}.Debug|Win32.ActiveCfg = Debug|Win32
		{913B97B3-CC6B-44C8-A076-AFAEF0F05A68}.Debug|Win32.Build.0 = Debug|Win32
		{913B97B3-CC6B-44C8-A076-AFAEF0F05A68}.Profile|Win32.ActiveCfg = Release|Win32
		{913B97B3-CC6B-44C8-A076-AFAEF0F05A68}.Profile|Win32.Build.0 = Release|Win32
		{913B97B3-CC6B-44C8-A076-AFAEF0F05A68}.Release|Win32.ActiveCfg = Release|Win32
		{913B97B3-CC6B-44C8-A076-AFAEF0F05A68}.Release|Win32.Build.0 = Release|Win32
		{913B97B3-CC6B-44C8-A076-AFAEF0F05A68}.Unicode Debug|Win32.ActiveCfg = Debug|Win32
		{913B97B3-CC6B-44C8-A076-AFAEF0F05A68}.Unicode Debug|Win32.Build.0 = Debug|Win32
		{913B97B3-CC6B-44C8-A076-AFAEF0F05A68}.Unicode Release|Win32.ActiveCfg = Release|Win32
		{913B97B3-CC6B-44C8-A076-AFAEF0F05A68}.Unicode Release|Win32.Build.0 = Release|Win32
		{0640DD56-A0ED-449F-81DF-9E16C18B062A}.Debug|Win32.ActiveCfg = Debug|Win32
		{0640DD56-A0ED-449F-81DF-9E16C18B062A}.Debug|Win32.Build.0 = Debug|Win32
		{0640DD56-A0ED-449F-81DF-9E16C18B062A}.Profile|Win32.ActiveCfg = Release|Win32
		{0640DD56-A0ED-449F-81DF-9E16C18B062A}.Profile|Win32.Build.0 = Release|Win32
		{0640DD56-A0ED-449F-81DF-9E16C18B062A}.Release|Win32.ActiveCfg = Release|Win32
		{0640DD56-A0ED-449F-81DF-9E16C18B062A}.Release|Win32.Build.0 = Release|Win32
		{0640DD56-A0ED-449F-81DF-9E16C18B062A}.Unicode Debug|Win32.ActiveCfg = Debug|Win32
		{0640DD56-A0ED-449F-81DF-9E16C18B062A}.Unicode Debug|Win32.Build.0 = Debug|Win32
		{0640DD56-A0ED-449F-81DF-9E16C18B062A}.Unicode Release|Win32.ActiveCfg = Release|Win32
		{0640DD56-A0ED-449F-81DF-9E16C18B062A}.Unicode Release|Win32.Build.0 = Release|Win32
		{C62A390A-BDF8-4C0B-B16B-19D16B584B3E}.Debug|Win32.ActiveCfg = Debug|Win32
		{C62A390A-BDF8-4C0B-B16B-19D16B584B3E}.Debug|Win32.Build.0 = Debug|Win32
		{C62A390A-BDF8-4C0B-B16B-19D16B584B3E}.Profile|Win32.ActiveCfg = Debug|Win32
		{C62A390A-BDF8-4C0B-B16B-19D16B584B3E}.Profile|Win32.Build.0 = Debug|Win32
		{C62A390A-BDF8-4C0B-B16B-19D16B584B3E}.Release|Win32.ActiveCfg = Release|Win32
		{C62A390A-BDF8-4C0B-B16B-19D16B584B3E}.Release|Win32.Build.0 = Release|Win32
		{C62A390A-BDF8-4C0B-B16B-19D16B584B3E}.Unicode Debug|Win32.ActiveCfg = Debug|Win32
		{C62A390A-BDF8-4C0B-B16B-19D16B584B3E}.Unicode Debug|Win32.Build.0 = Debug|Win32
		{C62A390A-BDF8-4C0B-B16B-19D16B584B3E}.Unicode Release|Win32.ActiveCfg = Release|Win32
		{C62A390A-BDF8-4C0B-B16B-19D16B584B3E}.Unicode Release|Win32.Build.0 = Release|Win32
		{B5FB1C44-DE1A-439E-819D-E3557B8FF73E}.Debug|Win32.ActiveCfg = Debug|Win32
		{B5FB1C44-DE1A-439E-819D-E3557B8FF73E}.Debug|Win32.Build.0 = Debug|Win32
		{B5FB1C44-DE1A-439E-819D-E3557B8FF73E}.Profile|Win32.ActiveCfg = Release|Win32
		{B5FB1C44-DE1A-439E-819D-E3557B8FF73E}.Profile|Win32.Build.0 = Release|Win32
		{B5FB1C44-DE1A-439E-819D-E3557B8FF73E}.Release|Win32.ActiveCfg = Release|Win32
		{B5FB1C44-DE1A-439E-819D-E3557B8FF73E}.Release|Win32.Build.0 = Release|Win32
		{B5FB1C44-DE1A-439E-819D-E3557B8FF73E}.Unicode Debug|Win32.ActiveCfg = Debug|Win32
		{B5FB1C44-DE1A-439E-819D-E3557B8FF73E}.Unicode Debug|Win32.Build.0 = Debug|Win32
		{B5FB1C44-DE1A-439E-819D-E3557B8FF73E}.Unicode Release|Win32.ActiveCfg = Release|Win32
		{B5FB1C44-DE1A-439E-819D-E3557B8FF73E}.Unicode Release|Win32.Build.0 = Release|Win32
		{994FC915-6538-4316-8531-6E05D885F6B2}.Debug|Win32.ActiveCfg = Debug|Win32
		{994FC915-6538-4316-8531-6E05D885F6B2}.Debug|Win32.Build.0 = Debug|Win32
		{994FC915-6538-4316-8531-6E05D885F6B2}.Profile|Win32.ActiveCfg = Profile|Win32
		{994FC915-6538-4316-8531-6E05D885F6B2}.Profile|Win32.Build.0 = Profile|Win32
		{994FC915-6538-4316-8531-6E05D885F6B2}.Release|Win32.ActiveCfg = Release|Win32
		{994FC915-6538-4316-8531-6E05D885F6B2}.Release|Win32.Build.0 = Release|Win32
		{994FC915-6538-4316-8531-6E05D885F6B2}.Unicode Debug|Win32.ActiveCfg = Debug|Win32
		{994FC915-6538-4316-8531-6E05D885F6B2}.Unicode Debug|Win32.Build.0 = Debug|Win32
		{994FC915-6538-4316-8531-6E05D885F6B2}.Unicode Release|Win32.ActiveCfg = Release|Win32
		{994FC915-6538-4316-8531-6E05D885F6B2}.Unicode Release|Win32.Build.0 = Release|Win32
		{9E445C97-54B5-4EC5-9117-44236D00D237}.Debug|Win32.ActiveCfg = Debug|Win32
		{9E445C97-54B5-4EC5-9117-44236D00D237}.Debug|Win32.Build.0 = Debug|Win32
		{9E445C97-54B5-4EC5-9117-44236D00D237}.Profile|Win32.ActiveCfg = Debug|Win32
		{9E445C97-54B5-4EC5-9117-44236D00D237}.Profile|Win32.Build.0 = Debug|Win32
		{9E445C97-54B5-4EC5-9117-44236D00D237}.Release|Win32.ActiveCfg = Release|Win32
		{9E445C97-54B5-4EC5-9117-44236D00D237}.Release|Win32.Build.0 = Release|Win32
		{9E445C97-54B5-4EC5-9117-44236D00D237}.Unicode Debug|Win32.ActiveCfg = Debug|Win32
		{9E445C97-54B5-4EC5-9117-44236D00D237}.Unicode Debug|Win32.Build.0 = Debug|Win32
		{9E445C97-54B5-4EC5-9117-44236D00D237}.Unicode Release|Win32.ActiveCfg = Release|Win32
		{9E445C97-54B5-4EC5-9117-44236D00D237}.Unicode Release|Win32.Build.0 = Release|Win32
		{34757095-7599-458A-9E1F-809BEE6739EE}.Debug|Win32.ActiveCfg = Debug|Win32
		{34757095-7599-458A-9E1F-809BEE6739EE}.Debug|Win32.Build.0 = Debug|Win32
		{34757095-7599-458A-9E1F-809BEE6739EE}.Profile|Win32.ActiveCfg = Debug|Win32
		{34757095-7599-458A-9E1F-809BEE6739EE}.Profile|Win32.Build.0 = Debug|Win32
		{34757095-7599-458A-9E1F-809BEE6739EE}.Release|Win32.ActiveCfg = Release|Win32
		{34757095-7599-458A-9E1F-809BEE6739EE}.Release|Win32.Build.0 = Release|Win32
		{34757095-7599-458A-9E1F-809BEE6739EE}.Unicode Debug|Win32.ActiveCfg = Debug|Win32
		{34757095-7599-458A-9E1F-809BEE6739EE}.Unicode Debug|Win32.Build.0 = Debug|Win32
		{34757095-7599-458A-9E1F-809BEE6739EE}.Unicode Release|Win32.ActiveCfg = Release|Win32
		{34757095-7599-458A-9E1F-809BEE6739EE}.Unicode Release|Win32.Build.0 = Release|Win32
		{8DB989F5-A8B8-4376-96B3-917D2A5F6001}.Debug|Win32.ActiveCfg = Debug|Win32
		{8DB989F5-A8B8-4376-96B3-917D2A5F6001}.Debug|Win32.Build.0 = Debug|Win32
		{8DB989F5-A8B8-4376-96B3-917D2A5F6001}.Profile|Win32.ActiveCfg = Release|Win32
		{8DB989F5-A8B8-4376-96B3-917D2A5F6001}.Profile|Win32.Build.0 = Release|Win32
		{8DB989F5-A8B8-4376-96B3-917D2A5F6001}.Release|Win32.ActiveCfg = Release|Win32
		{8DB989F5-A8B8-4376-96B3-917D2A5F6001}.Release|Win32.Build.0 = Release|Win32
		{8DB989F5-A8B8-4376-96B3-917D2A5F6001}.Unicode Debug|Win32.ActiveCfg = Debug|Win32
		{8DB989F5-A8B8-4376-96B3-917D2A5F6001}.Unicode Debug|Win32.Build.0 = Debug|Win32
		{8DB989F5-A8B8-4376-96B3-917D2A5F6001}.Unicode Release|Win32.ActiveCfg = Release|Win32
		{8DB989F5-A8B8-4376-96B3-917D2A5F6001}.Unicode Release|Win32.Build.0 = Release|Win32
	EndGlobalSection
	GlobalSection(SolutionProperties) = preSolution
		HideSolutionNode = FALSE
	EndGlobalSection
EndGlobal
