
Microsoft Visual Studio Solution File, Format Version 10.00
# Visual Studio 2008
Project("{8BC9CEB8-8B4A-11D0-8D11-00A0C91BC942}") = "Emmow_IAF", "Emmow_IAF\Emmow_IAF.vcproj", "{53FFE491-08C3-4059-B40B-E6D7497751F6}"
EndProject
Project("{8BC9CEB8-8B4A-11D0-8D11-00A0C91BC942}") = "IGA3D8", "IGA3D8\IGA3D8.vcproj", "{57AEE1C9-2D13-40D8-9069-48F9B87094ED}"
EndProject
Project("{8BC9CEB8-8B4A-11D0-8D11-00A0C91BC942}") = "IGA8Core", "IGACore8\IGA8Core.vcproj", "{5B4B0D68-2B84-40E5-BB61-25D16D0624B5}"
EndProject
Project("{8BC9CEB8-8B4A-11D0-8D11-00A0C91BC942}") = "IGATexture8", "IGATexture8\IGATexture8.vcproj", "{2A3EA4DB-5D76-4F5C-93E5-10738F10C875}"
EndProject
Project("{8BC9CEB8-8B4A-11D0-8D11-00A0C91BC942}") = "3D_TOOL", "3D_TOOL\3D_TOOL.vcproj", "{38075D24-476B-419A-995E-D813604550B1}"
EndProject
Project("{8BC9CEB8-8B4A-11D0-8D11-00A0C91BC942}") = "ProxyD3DTest", "ProxyD3DTest\ProxyD3DTest.vcproj", "{ADA9911F-A5EE-4121-9E44-9DED3F2C473A}"
EndProject
Project("{8BC9CEB8-8B4A-11D0-8D11-00A0C91BC942}") = "D3D8", "D3D8\D3D8.vcproj", "{966C5462-87B0-4F9C-9C2D-FB71724407BF}"
EndProject
Project("{8BC9CEB8-8B4A-11D0-8D11-00A0C91BC942}") = "ProxyD3D8", "ProxyD3D8\ProxyD3D8.vcproj", "{B5E26A0E-07F7-4D8A-A5E3-25A76F89A10D}"
EndProject
Project("{8BC9CEB8-8B4A-11D0-8D11-00A0C91BC942}") = "D3D8Search", "D3D8Search\D3D8Search.vcproj", "{9C04CC2D-C188-4443-A185-CB0BCA6ED98D}"
EndProject
Global
	GlobalSection(SolutionConfigurationPlatforms) = preSolution
		Debug|Win32 = Debug|Win32
		Profile|Win32 = Profile|Win32
		Release|Win32 = Release|Win32
	EndGlobalSection
	GlobalSection(ProjectConfigurationPlatforms) = postSolution
		{53FFE491-08C3-4059-B40B-E6D7497751F6}.Debug|Win32.ActiveCfg = Debug|Win32
		{53FFE491-08C3-4059-B40B-E6D7497751F6}.Debug|Win32.Build.0 = Debug|Win32
		{53FFE491-08C3-4059-B40B-E6D7497751F6}.Profile|Win32.ActiveCfg = Debug|Win32
		{53FFE491-08C3-4059-B40B-E6D7497751F6}.Profile|Win32.Build.0 = Debug|Win32
		{53FFE491-08C3-4059-B40B-E6D7497751F6}.Release|Win32.ActiveCfg = Release|Win32
		{53FFE491-08C3-4059-B40B-E6D7497751F6}.Release|Win32.Build.0 = Release|Win32
		{57AEE1C9-2D13-40D8-9069-48F9B87094ED}.Debug|Win32.ActiveCfg = Debug|Win32
		{57AEE1C9-2D13-40D8-9069-48F9B87094ED}.Debug|Win32.Build.0 = Debug|Win32
		{57AEE1C9-2D13-40D8-9069-48F9B87094ED}.Profile|Win32.ActiveCfg = Release|Win32
		{57AEE1C9-2D13-40D8-9069-48F9B87094ED}.Profile|Win32.Build.0 = Release|Win32
		{57AEE1C9-2D13-40D8-9069-48F9B87094ED}.Release|Win32.ActiveCfg = Release|Win32
		{57AEE1C9-2D13-40D8-9069-48F9B87094ED}.Release|Win32.Build.0 = Release|Win32
		{5B4B0D68-2B84-40E5-BB61-25D16D0624B5}.Debug|Win32.ActiveCfg = Debug|Win32
		{5B4B0D68-2B84-40E5-BB61-25D16D0624B5}.Debug|Win32.Build.0 = Debug|Win32
		{5B4B0D68-2B84-40E5-BB61-25D16D0624B5}.Profile|Win32.ActiveCfg = Release|Win32
		{5B4B0D68-2B84-40E5-BB61-25D16D0624B5}.Profile|Win32.Build.0 = Release|Win32
		{5B4B0D68-2B84-40E5-BB61-25D16D0624B5}.Release|Win32.ActiveCfg = Release|Win32
		{5B4B0D68-2B84-40E5-BB61-25D16D0624B5}.Release|Win32.Build.0 = Release|Win32
		{2A3EA4DB-5D76-4F5C-93E5-10738F10C875}.Debug|Win32.ActiveCfg = Debug|Win32
		{2A3EA4DB-5D76-4F5C-93E5-10738F10C875}.Debug|Win32.Build.0 = Debug|Win32
		{2A3EA4DB-5D76-4F5C-93E5-10738F10C875}.Profile|Win32.ActiveCfg = Release|Win32
		{2A3EA4DB-5D76-4F5C-93E5-10738F10C875}.Profile|Win32.Build.0 = Release|Win32
		{2A3EA4DB-5D76-4F5C-93E5-10738F10C875}.Release|Win32.ActiveCfg = Release|Win32
		{2A3EA4DB-5D76-4F5C-93E5-10738F10C875}.Release|Win32.Build.0 = Release|Win32
		{38075D24-476B-419A-995E-D813604550B1}.Debug|Win32.ActiveCfg = Debug|Win32
		{38075D24-476B-419A-995E-D813604550B1}.Debug|Win32.Build.0 = Debug|Win32
		{38075D24-476B-419A-995E-D813604550B1}.Profile|Win32.ActiveCfg = Release|Win32
		{38075D24-476B-419A-995E-D813604550B1}.Profile|Win32.Build.0 = Release|Win32
		{38075D24-476B-419A-995E-D813604550B1}.Release|Win32.ActiveCfg = Release|Win32
		{38075D24-476B-419A-995E-D813604550B1}.Release|Win32.Build.0 = Release|Win32
		{ADA9911F-A5EE-4121-9E44-9DED3F2C473A}.Debug|Win32.ActiveCfg = Debug|Win32
		{ADA9911F-A5EE-4121-9E44-9DED3F2C473A}.Debug|Win32.Build.0 = Debug|Win32
		{ADA9911F-A5EE-4121-9E44-9DED3F2C473A}.Profile|Win32.ActiveCfg = Debug|Win32
		{ADA9911F-A5EE-4121-9E44-9DED3F2C473A}.Profile|Win32.Build.0 = Debug|Win32
		{ADA9911F-A5EE-4121-9E44-9DED3F2C473A}.Release|Win32.ActiveCfg = Release|Win32
		{ADA9911F-A5EE-4121-9E44-9DED3F2C473A}.Release|Win32.Build.0 = Release|Win32
		{966C5462-87B0-4F9C-9C2D-FB71724407BF}.Debug|Win32.ActiveCfg = Debug|Win32
		{966C5462-87B0-4F9C-9C2D-FB71724407BF}.Debug|Win32.Build.0 = Debug|Win32
		{966C5462-87B0-4F9C-9C2D-FB71724407BF}.Profile|Win32.ActiveCfg = Debug|Win32
		{966C5462-87B0-4F9C-9C2D-FB71724407BF}.Profile|Win32.Build.0 = Debug|Win32
		{966C5462-87B0-4F9C-9C2D-FB71724407BF}.Release|Win32.ActiveCfg = Release|Win32
		{966C5462-87B0-4F9C-9C2D-FB71724407BF}.Release|Win32.Build.0 = Release|Win32
		{B5E26A0E-07F7-4D8A-A5E3-25A76F89A10D}.Debug|Win32.ActiveCfg = Debug|Win32
		{B5E26A0E-07F7-4D8A-A5E3-25A76F89A10D}.Debug|Win32.Build.0 = Debug|Win32
		{B5E26A0E-07F7-4D8A-A5E3-25A76F89A10D}.Profile|Win32.ActiveCfg = Release|Win32
		{B5E26A0E-07F7-4D8A-A5E3-25A76F89A10D}.Profile|Win32.Build.0 = Release|Win32
		{B5E26A0E-07F7-4D8A-A5E3-25A76F89A10D}.Release|Win32.ActiveCfg = Release|Win32
		{B5E26A0E-07F7-4D8A-A5E3-25A76F89A10D}.Release|Win32.Build.0 = Release|Win32
		{9C04CC2D-C188-4443-A185-CB0BCA6ED98D}.Debug|Win32.ActiveCfg = Debug|Win32
		{9C04CC2D-C188-4443-A185-CB0BCA6ED98D}.Debug|Win32.Build.0 = Debug|Win32
		{9C04CC2D-C188-4443-A185-CB0BCA6ED98D}.Profile|Win32.ActiveCfg = Profile|Win32
		{9C04CC2D-C188-4443-A185-CB0BCA6ED98D}.Profile|Win32.Build.0 = Profile|Win32
		{9C04CC2D-C188-4443-A185-CB0BCA6ED98D}.Release|Win32.ActiveCfg = Release|Win32
		{9C04CC2D-C188-4443-A185-CB0BCA6ED98D}.Release|Win32.Build.0 = Release|Win32
	EndGlobalSection
	GlobalSection(SolutionProperties) = preSolution
		HideSolutionNode = FALSE
	EndGlobalSection
EndGlobal
