
Microsoft Visual Studio Solution File, Format Version 10.00
# Visual Studio 2008
Project("{8BC9CEB8-8B4A-11D0-8D11-00A0C91BC942}") = "CxImage", "cximage\cximage.vcproj", "{22E4E833-4DAB-4225-9490-DAA86A5744B1}"
EndProject
Project("{8BC9CEB8-8B4A-11D0-8D11-00A0C91BC942}") = "CxImageCrtDll", "CxImage\CxImageDLL\CxImageCrtDll.vcproj", "{441F5522-DFC2-4132-8253-8B058BC788FA}"
	ProjectSection(ProjectDependencies) = postProject
		{C509B2A8-6208-4445-8B81-CEAD5E276E12} = {C509B2A8-6208-4445-8B81-CEAD5E276E12}
		{CFBC94DC-ED09-4766-B65A-589738B08B9A} = {CFBC94DC-ED09-4766-B65A-589738B08B9A}
		{F6CBCABD-E437-4B28-9319-2EE276E9F058} = {F6CBCABD-E437-4B28-9319-2EE276E9F058}
		{EA76122A-5EB1-4B8B-A00E-07D75D792C87} = {EA76122A-5EB1-4B8B-A00E-07D75D792C87}
		{08E9A224-3A61-4DFA-B4A1-598EA12F9466} = {08E9A224-3A61-4DFA-B4A1-598EA12F9466}
		{76F136C8-C73E-411C-9054-3C833712FC88} = {76F136C8-C73E-411C-9054-3C833712FC88}
		{C3F4977D-99DE-4ABC-85C8-4C2627FB9415} = {C3F4977D-99DE-4ABC-85C8-4C2627FB9415}
		{040C5112-FF55-48C2-B534-7677960F5CC6} = {040C5112-FF55-48C2-B534-7677960F5CC6}
	EndProjectSection
EndProject
Project("{8BC9CEB8-8B4A-11D0-8D11-00A0C91BC942}") = "CxImageMfcDll", "CxImage\CxImageDLL\cximagemfcdll.vcproj", "{121EFF55-4238-4DB3-9FA5-99A9F6F12E50}"
	ProjectSection(ProjectDependencies) = postProject
		{C509B2A8-6208-4445-8B81-CEAD5E276E12} = {C509B2A8-6208-4445-8B81-CEAD5E276E12}
		{CFBC94DC-ED09-4766-B65A-589738B08B9A} = {CFBC94DC-ED09-4766-B65A-589738B08B9A}
		{F6CBCABD-E437-4B28-9319-2EE276E9F058} = {F6CBCABD-E437-4B28-9319-2EE276E9F058}
		{EA76122A-5EB1-4B8B-A00E-07D75D792C87} = {EA76122A-5EB1-4B8B-A00E-07D75D792C87}
		{08E9A224-3A61-4DFA-B4A1-598EA12F9466} = {08E9A224-3A61-4DFA-B4A1-598EA12F9466}
		{76F136C8-C73E-411C-9054-3C833712FC88} = {76F136C8-C73E-411C-9054-3C833712FC88}
		{C3F4977D-99DE-4ABC-85C8-4C2627FB9415} = {C3F4977D-99DE-4ABC-85C8-4C2627FB9415}
		{040C5112-FF55-48C2-B534-7677960F5CC6} = {040C5112-FF55-48C2-B534-7677960F5CC6}
	EndProjectSection
EndProject
Project("{8BC9CEB8-8B4A-11D0-8D11-00A0C91BC942}") = "demo", "demo\demo.vcproj", "{CB7E4B09-36D6-45E2-9100-5C436541C2E8}"
	ProjectSection(ProjectDependencies) = postProject
		{22E4E833-4DAB-4225-9490-DAA86A5744B1} = {22E4E833-4DAB-4225-9490-DAA86A5744B1}
		{CFBC94DC-ED09-4766-B65A-589738B08B9A} = {CFBC94DC-ED09-4766-B65A-589738B08B9A}
		{F6CBCABD-E437-4B28-9319-2EE276E9F058} = {F6CBCABD-E437-4B28-9319-2EE276E9F058}
		{EA76122A-5EB1-4B8B-A00E-07D75D792C87} = {EA76122A-5EB1-4B8B-A00E-07D75D792C87}
		{08E9A224-3A61-4DFA-B4A1-598EA12F9466} = {08E9A224-3A61-4DFA-B4A1-598EA12F9466}
		{C3F4977D-99DE-4ABC-85C8-4C2627FB9415} = {C3F4977D-99DE-4ABC-85C8-4C2627FB9415}
		{C509B2A8-6208-4445-8B81-CEAD5E276E12} = {C509B2A8-6208-4445-8B81-CEAD5E276E12}
		{76F136C8-C73E-411C-9054-3C833712FC88} = {76F136C8-C73E-411C-9054-3C833712FC88}
		{040C5112-FF55-48C2-B534-7677960F5CC6} = {040C5112-FF55-48C2-B534-7677960F5CC6}
	EndProjectSection
EndProject
Project("{8BC9CEB8-8B4A-11D0-8D11-00A0C91BC942}") = "demoDll", "demo\demoDLL.vcproj", "{3FD2EEBC-18B4-4E6A-9606-4C5719F65336}"
	ProjectSection(ProjectDependencies) = postProject
		{441F5522-DFC2-4132-8253-8B058BC788FA} = {441F5522-DFC2-4132-8253-8B058BC788FA}
	EndProjectSection
EndProject
Project("{8BC9CEB8-8B4A-11D0-8D11-00A0C91BC942}") = "jasper", "jasper\jasper.vcproj", "{76F136C8-C73E-411C-9054-3C833712FC88}"
EndProject
Project("{8BC9CEB8-8B4A-11D0-8D11-00A0C91BC942}") = "jbig", "jbig\jbig.vcproj", "{C509B2A8-6208-4445-8B81-CEAD5E276E12}"
EndProject
Project("{8BC9CEB8-8B4A-11D0-8D11-00A0C91BC942}") = "jpeg", "jpeg\Jpeg.vcproj", "{CFBC94DC-ED09-4766-B65A-589738B08B9A}"
EndProject
Project("{8BC9CEB8-8B4A-11D0-8D11-00A0C91BC942}") = "libdcr", "raw\libdcr.vcproj", "{040C5112-FF55-48C2-B534-7677960F5CC6}"
EndProject
Project("{8BC9CEB8-8B4A-11D0-8D11-00A0C91BC942}") = "mng", "mng\mng.vcproj", "{C3F4977D-99DE-4ABC-85C8-4C2627FB9415}"
EndProject
Project("{8BC9CEB8-8B4A-11D0-8D11-00A0C91BC942}") = "png", "png\png.vcproj", "{F6CBCABD-E437-4B28-9319-2EE276E9F058}"
EndProject
Project("{8BC9CEB8-8B4A-11D0-8D11-00A0C91BC942}") = "tiff", "tiff\Tiff.vcproj", "{EA76122A-5EB1-4B8B-A00E-07D75D792C87}"
EndProject
Project("{8BC9CEB8-8B4A-11D0-8D11-00A0C91BC942}") = "zlib", "zlib\zlib.vcproj", "{08E9A224-3A61-4DFA-B4A1-598EA12F9466}"
EndProject
Global
	GlobalSection(SolutionConfigurationPlatforms) = preSolution
		Debug|Win32 = Debug|Win32
		Release|Win32 = Release|Win32
		Unicode Debug|Win32 = Unicode Debug|Win32
		Unicode Release|Win32 = Unicode Release|Win32
	EndGlobalSection
	GlobalSection(ProjectConfigurationPlatforms) = postSolution
		{22E4E833-4DAB-4225-9490-DAA86A5744B1}.Debug|Win32.ActiveCfg = Debug|Win32
		{22E4E833-4DAB-4225-9490-DAA86A5744B1}.Debug|Win32.Build.0 = Debug|Win32
		{22E4E833-4DAB-4225-9490-DAA86A5744B1}.Release|Win32.ActiveCfg = Release|Win32
		{22E4E833-4DAB-4225-9490-DAA86A5744B1}.Release|Win32.Build.0 = Release|Win32
		{22E4E833-4DAB-4225-9490-DAA86A5744B1}.Unicode Debug|Win32.ActiveCfg = Unicode Debug|Win32
		{22E4E833-4DAB-4225-9490-DAA86A5744B1}.Unicode Debug|Win32.Build.0 = Unicode Debug|Win32
		{22E4E833-4DAB-4225-9490-DAA86A5744B1}.Unicode Release|Win32.ActiveCfg = Unicode Release|Win32
		{22E4E833-4DAB-4225-9490-DAA86A5744B1}.Unicode Release|Win32.Build.0 = Unicode Release|Win32
		{441F5522-DFC2-4132-8253-8B058BC788FA}.Debug|Win32.ActiveCfg = Debug|Win32
		{441F5522-DFC2-4132-8253-8B058BC788FA}.Debug|Win32.Build.0 = Debug|Win32
		{441F5522-DFC2-4132-8253-8B058BC788FA}.Release|Win32.ActiveCfg = Release|Win32
		{441F5522-DFC2-4132-8253-8B058BC788FA}.Release|Win32.Build.0 = Release|Win32
		{441F5522-DFC2-4132-8253-8B058BC788FA}.Unicode Debug|Win32.ActiveCfg = Unicode Debug|Win32
		{441F5522-DFC2-4132-8253-8B058BC788FA}.Unicode Debug|Win32.Build.0 = Unicode Debug|Win32
		{441F5522-DFC2-4132-8253-8B058BC788FA}.Unicode Release|Win32.ActiveCfg = Unicode Release|Win32
		{441F5522-DFC2-4132-8253-8B058BC788FA}.Unicode Release|Win32.Build.0 = Unicode Release|Win32
		{121EFF55-4238-4DB3-9FA5-99A9F6F12E50}.Debug|Win32.ActiveCfg = Debug|Win32
		{121EFF55-4238-4DB3-9FA5-99A9F6F12E50}.Debug|Win32.Build.0 = Debug|Win32
		{121EFF55-4238-4DB3-9FA5-99A9F6F12E50}.Release|Win32.ActiveCfg = Release|Win32
		{121EFF55-4238-4DB3-9FA5-99A9F6F12E50}.Release|Win32.Build.0 = Release|Win32
		{121EFF55-4238-4DB3-9FA5-99A9F6F12E50}.Unicode Debug|Win32.ActiveCfg = Unicode Debug|Win32
		{121EFF55-4238-4DB3-9FA5-99A9F6F12E50}.Unicode Debug|Win32.Build.0 = Unicode Debug|Win32
		{121EFF55-4238-4DB3-9FA5-99A9F6F12E50}.Unicode Release|Win32.ActiveCfg = Unicode Release|Win32
		{121EFF55-4238-4DB3-9FA5-99A9F6F12E50}.Unicode Release|Win32.Build.0 = Unicode Release|Win32
		{CB7E4B09-36D6-45E2-9100-5C436541C2E8}.Debug|Win32.ActiveCfg = Debug|Win32
		{CB7E4B09-36D6-45E2-9100-5C436541C2E8}.Debug|Win32.Build.0 = Debug|Win32
		{CB7E4B09-36D6-45E2-9100-5C436541C2E8}.Release|Win32.ActiveCfg = Release|Win32
		{CB7E4B09-36D6-45E2-9100-5C436541C2E8}.Release|Win32.Build.0 = Release|Win32
		{CB7E4B09-36D6-45E2-9100-5C436541C2E8}.Unicode Debug|Win32.ActiveCfg = Unicode Debug|Win32
		{CB7E4B09-36D6-45E2-9100-5C436541C2E8}.Unicode Debug|Win32.Build.0 = Unicode Debug|Win32
		{CB7E4B09-36D6-45E2-9100-5C436541C2E8}.Unicode Release|Win32.ActiveCfg = Unicode Release|Win32
		{CB7E4B09-36D6-45E2-9100-5C436541C2E8}.Unicode Release|Win32.Build.0 = Unicode Release|Win32
		{3FD2EEBC-18B4-4E6A-9606-4C5719F65336}.Debug|Win32.ActiveCfg = Debug|Win32
		{3FD2EEBC-18B4-4E6A-9606-4C5719F65336}.Debug|Win32.Build.0 = Debug|Win32
		{3FD2EEBC-18B4-4E6A-9606-4C5719F65336}.Release|Win32.ActiveCfg = Release|Win32
		{3FD2EEBC-18B4-4E6A-9606-4C5719F65336}.Release|Win32.Build.0 = Release|Win32
		{3FD2EEBC-18B4-4E6A-9606-4C5719F65336}.Unicode Debug|Win32.ActiveCfg = Unicode Debug|Win32
		{3FD2EEBC-18B4-4E6A-9606-4C5719F65336}.Unicode Debug|Win32.Build.0 = Unicode Debug|Win32
		{3FD2EEBC-18B4-4E6A-9606-4C5719F65336}.Unicode Release|Win32.ActiveCfg = Unicode Release|Win32
		{3FD2EEBC-18B4-4E6A-9606-4C5719F65336}.Unicode Release|Win32.Build.0 = Unicode Release|Win32
		{76F136C8-C73E-411C-9054-3C833712FC88}.Debug|Win32.ActiveCfg = Debug|Win32
		{76F136C8-C73E-411C-9054-3C833712FC88}.Debug|Win32.Build.0 = Debug|Win32
		{76F136C8-C73E-411C-9054-3C833712FC88}.Release|Win32.ActiveCfg = Release|Win32
		{76F136C8-C73E-411C-9054-3C833712FC88}.Release|Win32.Build.0 = Release|Win32
		{76F136C8-C73E-411C-9054-3C833712FC88}.Unicode Debug|Win32.ActiveCfg = Unicode Debug|Win32
		{76F136C8-C73E-411C-9054-3C833712FC88}.Unicode Debug|Win32.Build.0 = Unicode Debug|Win32
		{76F136C8-C73E-411C-9054-3C833712FC88}.Unicode Release|Win32.ActiveCfg = Unicode Release|Win32
		{76F136C8-C73E-411C-9054-3C833712FC88}.Unicode Release|Win32.Build.0 = Unicode Release|Win32
		{C509B2A8-6208-4445-8B81-CEAD5E276E12}.Debug|Win32.ActiveCfg = Debug|Win32
		{C509B2A8-6208-4445-8B81-CEAD5E276E12}.Debug|Win32.Build.0 = Debug|Win32
		{C509B2A8-6208-4445-8B81-CEAD5E276E12}.Release|Win32.ActiveCfg = Release|Win32
		{C509B2A8-6208-4445-8B81-CEAD5E276E12}.Release|Win32.Build.0 = Release|Win32
		{C509B2A8-6208-4445-8B81-CEAD5E276E12}.Unicode Debug|Win32.ActiveCfg = Unicode Debug|Win32
		{C509B2A8-6208-4445-8B81-CEAD5E276E12}.Unicode Debug|Win32.Build.0 = Unicode Debug|Win32
		{C509B2A8-6208-4445-8B81-CEAD5E276E12}.Unicode Release|Win32.ActiveCfg = Unicode Release|Win32
		{C509B2A8-6208-4445-8B81-CEAD5E276E12}.Unicode Release|Win32.Build.0 = Unicode Release|Win32
		{CFBC94DC-ED09-4766-B65A-589738B08B9A}.Debug|Win32.ActiveCfg = Debug|Win32
		{CFBC94DC-ED09-4766-B65A-589738B08B9A}.Debug|Win32.Build.0 = Debug|Win32
		{CFBC94DC-ED09-4766-B65A-589738B08B9A}.Release|Win32.ActiveCfg = Release|Win32
		{CFBC94DC-ED09-4766-B65A-589738B08B9A}.Release|Win32.Build.0 = Release|Win32
		{CFBC94DC-ED09-4766-B65A-589738B08B9A}.Unicode Debug|Win32.ActiveCfg = Unicode Debug|Win32
		{CFBC94DC-ED09-4766-B65A-589738B08B9A}.Unicode Debug|Win32.Build.0 = Unicode Debug|Win32
		{CFBC94DC-ED09-4766-B65A-589738B08B9A}.Unicode Release|Win32.ActiveCfg = Unicode Release|Win32
		{CFBC94DC-ED09-4766-B65A-589738B08B9A}.Unicode Release|Win32.Build.0 = Unicode Release|Win32
		{040C5112-FF55-48C2-B534-7677960F5CC6}.Debug|Win32.ActiveCfg = Debug|Win32
		{040C5112-FF55-48C2-B534-7677960F5CC6}.Debug|Win32.Build.0 = Debug|Win32
		{040C5112-FF55-48C2-B534-7677960F5CC6}.Release|Win32.ActiveCfg = Release|Win32
		{040C5112-FF55-48C2-B534-7677960F5CC6}.Release|Win32.Build.0 = Release|Win32
		{040C5112-FF55-48C2-B534-7677960F5CC6}.Unicode Debug|Win32.ActiveCfg = Unicode Debug|Win32
		{040C5112-FF55-48C2-B534-7677960F5CC6}.Unicode Debug|Win32.Build.0 = Unicode Debug|Win32
		{040C5112-FF55-48C2-B534-7677960F5CC6}.Unicode Release|Win32.ActiveCfg = Unicode Release|Win32
		{040C5112-FF55-48C2-B534-7677960F5CC6}.Unicode Release|Win32.Build.0 = Unicode Release|Win32
		{C3F4977D-99DE-4ABC-85C8-4C2627FB9415}.Debug|Win32.ActiveCfg = Debug|Win32
		{C3F4977D-99DE-4ABC-85C8-4C2627FB9415}.Debug|Win32.Build.0 = Debug|Win32
		{C3F4977D-99DE-4ABC-85C8-4C2627FB9415}.Release|Win32.ActiveCfg = Release|Win32
		{C3F4977D-99DE-4ABC-85C8-4C2627FB9415}.Release|Win32.Build.0 = Release|Win32
		{C3F4977D-99DE-4ABC-85C8-4C2627FB9415}.Unicode Debug|Win32.ActiveCfg = Unicode Debug|Win32
		{C3F4977D-99DE-4ABC-85C8-4C2627FB9415}.Unicode Debug|Win32.Build.0 = Unicode Debug|Win32
		{C3F4977D-99DE-4ABC-85C8-4C2627FB9415}.Unicode Release|Win32.ActiveCfg = Unicode Release|Win32
		{C3F4977D-99DE-4ABC-85C8-4C2627FB9415}.Unicode Release|Win32.Build.0 = Unicode Release|Win32
		{F6CBCABD-E437-4B28-9319-2EE276E9F058}.Debug|Win32.ActiveCfg = Debug|Win32
		{F6CBCABD-E437-4B28-9319-2EE276E9F058}.Debug|Win32.Build.0 = Debug|Win32
		{F6CBCABD-E437-4B28-9319-2EE276E9F058}.Release|Win32.ActiveCfg = Release|Win32
		{F6CBCABD-E437-4B28-9319-2EE276E9F058}.Release|Win32.Build.0 = Release|Win32
		{F6CBCABD-E437-4B28-9319-2EE276E9F058}.Unicode Debug|Win32.ActiveCfg = Unicode Debug|Win32
		{F6CBCABD-E437-4B28-9319-2EE276E9F058}.Unicode Debug|Win32.Build.0 = Unicode Debug|Win32
		{F6CBCABD-E437-4B28-9319-2EE276E9F058}.Unicode Release|Win32.ActiveCfg = Unicode Release|Win32
		{F6CBCABD-E437-4B28-9319-2EE276E9F058}.Unicode Release|Win32.Build.0 = Unicode Release|Win32
		{EA76122A-5EB1-4B8B-A00E-07D75D792C87}.Debug|Win32.ActiveCfg = Debug|Win32
		{EA76122A-5EB1-4B8B-A00E-07D75D792C87}.Debug|Win32.Build.0 = Debug|Win32
		{EA76122A-5EB1-4B8B-A00E-07D75D792C87}.Release|Win32.ActiveCfg = Release|Win32
		{EA76122A-5EB1-4B8B-A00E-07D75D792C87}.Release|Win32.Build.0 = Release|Win32
		{EA76122A-5EB1-4B8B-A00E-07D75D792C87}.Unicode Debug|Win32.ActiveCfg = Unicode Debug|Win32
		{EA76122A-5EB1-4B8B-A00E-07D75D792C87}.Unicode Debug|Win32.Build.0 = Unicode Debug|Win32
		{EA76122A-5EB1-4B8B-A00E-07D75D792C87}.Unicode Release|Win32.ActiveCfg = Unicode Release|Win32
		{EA76122A-5EB1-4B8B-A00E-07D75D792C87}.Unicode Release|Win32.Build.0 = Unicode Release|Win32
		{08E9A224-3A61-4DFA-B4A1-598EA12F9466}.Debug|Win32.ActiveCfg = Debug|Win32
		{08E9A224-3A61-4DFA-B4A1-598EA12F9466}.Debug|Win32.Build.0 = Debug|Win32
		{08E9A224-3A61-4DFA-B4A1-598EA12F9466}.Release|Win32.ActiveCfg = Release|Win32
		{08E9A224-3A61-4DFA-B4A1-598EA12F9466}.Release|Win32.Build.0 = Release|Win32
		{08E9A224-3A61-4DFA-B4A1-598EA12F9466}.Unicode Debug|Win32.ActiveCfg = Unicode Debug|Win32
		{08E9A224-3A61-4DFA-B4A1-598EA12F9466}.Unicode Debug|Win32.Build.0 = Unicode Debug|Win32
		{08E9A224-3A61-4DFA-B4A1-598EA12F9466}.Unicode Release|Win32.ActiveCfg = Unicode Release|Win32
		{08E9A224-3A61-4DFA-B4A1-598EA12F9466}.Unicode Release|Win32.Build.0 = Unicode Release|Win32
	EndGlobalSection
	GlobalSection(SolutionProperties) = preSolution
		HideSolutionNode = FALSE
	EndGlobalSection
EndGlobal
