
Microsoft Visual Studio Solution File, Format Version 10.00
# Visual Studio 2008
Project("{8BC9CEB8-8B4A-11D0-8D11-00A0C91BC942}") = "MyIE", "MyIE.vcproj", "{6F53EEF5-708C-4B30-9935-783835A4CED0}"
EndProject
Global
	GlobalSection(SolutionConfigurationPlatforms) = preSolution
		Debug|Win32 = Debug|Win32
		Release|Win32 = Release|Win32
	EndGlobalSection
	GlobalSection(ProjectConfigurationPlatforms) = postSolution
		{6F53EEF5-708C-4B30-9935-783835A4CED0}.Debug|Win32.ActiveCfg = Debug|Win32
		{6F53EEF5-708C-4B30-9935-783835A4CED0}.Debug|Win32.Build.0 = Debug|Win32
		{6F53EEF5-708C-4B30-9935-783835A4CED0}.Release|Win32.ActiveCfg = Release|Win32
		{6F53EEF5-708C-4B30-9935-783835A4CED0}.Release|Win32.Build.0 = Release|Win32
	EndGlobalSection
	GlobalSection(SolutionProperties) = preSolution
		HideSolutionNode = FALSE
	EndGlobalSection
EndGlobal
