Microsoft Visual Studio Solution File, Format Version 8.00
Project("{8BC9CEB8-8B4A-11D0-8D11-00A0C91BC942}") = "ProxyDDraw", "ProxyDDraw.vcproj", "{5C6BBFF4-AC9D-454C-A1A9-07A16FDC369A}"
	ProjectSection(ProjectDependencies) = postProject
	EndProjectSection
EndProject
Project("{8BC9CEB8-8B4A-11D0-8D11-00A0C91BC942}") = "2DShell", "..\2DShell\2DShell.vcproj", "{61E23435-68B8-463E-9D1E-B3D20C4032BA}"
	ProjectSection(ProjectDependencies) = postProject
	EndProjectSection
EndProject
Project("{8BC9CEB8-8B4A-11D0-8D11-00A0C91BC942}") = "BasicDD", "..\BasicDD\BasicDD.vcproj", "{D458380C-A00C-4078-AEA6-C04454588DA5}"
	ProjectSection(ProjectDependencies) = postProject
	EndProjectSection
EndProject
Global
	GlobalSection(SolutionConfiguration) = preSolution
		Debug = Debug
		Release = Release
	EndGlobalSection
	GlobalSection(ProjectConfiguration) = postSolution
		{5C6BBFF4-AC9D-454C-A1A9-07A16FDC369A}.Debug.ActiveCfg = Debug|Win32
		{5C6BBFF4-AC9D-454C-A1A9-07A16FDC369A}.Debug.Build.0 = Debug|Win32
		{5C6BBFF4-AC9D-454C-A1A9-07A16FDC369A}.Release.ActiveCfg = Release|Win32
		{5C6BBFF4-AC9D-454C-A1A9-07A16FDC369A}.Release.Build.0 = Release|Win32
		{61E23435-68B8-463E-9D1E-B3D20C4032BA}.Debug.ActiveCfg = Debug|Win32
		{61E23435-68B8-463E-9D1E-B3D20C4032BA}.Debug.Build.0 = Debug|Win32
		{61E23435-68B8-463E-9D1E-B3D20C4032BA}.Release.ActiveCfg = Release|Win32
		{61E23435-68B8-463E-9D1E-B3D20C4032BA}.Release.Build.0 = Release|Win32
		{D458380C-A00C-4078-AEA6-C04454588DA5}.Debug.ActiveCfg = Debug|Win32
		{D458380C-A00C-4078-AEA6-C04454588DA5}.Debug.Build.0 = Debug|Win32
		{D458380C-A00C-4078-AEA6-C04454588DA5}.Release.ActiveCfg = Release|Win32
		{D458380C-A00C-4078-AEA6-C04454588DA5}.Release.Build.0 = Release|Win32
	EndGlobalSection
	GlobalSection(ExtensibilityGlobals) = postSolution
	EndGlobalSection
	GlobalSection(ExtensibilityAddIns) = postSolution
	EndGlobalSection
EndGlobal
